
Microsoft Visual Studio Solution File, Format Version 12.00
# Visual Studio Version 16
VisualStudioVersion = 16.0.31729.503
MinimumVisualStudioVersion = 10.0.40219.1
Project("{FAE04EC0-301F-11D3-BF4B-00C04F79EFBC}") = "SyncfusionPdf.UWP", "SyncfusionPdf\SyncfusionPdf.UWP\SyncfusionPdf.UWP.csproj", "{236C2750-5673-4584-BD6B-B9AC6D285B71}"
EndProject
Project("{FAE04EC0-301F-11D3-BF4B-00C04F79EFBC}") = "SyncfusionPdf.Android", "SyncfusionPdf\SyncfusionPdf.Android\SyncfusionPdf.Android.csproj", "{4103436B-7DD8-4035-AA17-7DC26D1F4A89}"
EndProject
Project("{FAE04EC0-301F-11D3-BF4B-00C04F79EFBC}") = "SyncfusionPdf.iOS", "SyncfusionPdf\SyncfusionPdf.iOS\SyncfusionPdf.iOS.csproj", "{8D7503A0-7C6E-4D2F-91D0-E40456475068}"
EndProject
Project("{FAE04EC0-301F-11D3-BF4B-00C04F79EFBC}") = "SyncfusionPdf", "SyncfusionPdf\SyncfusionPdf\SyncfusionPdf.csproj", "{9FEFB5A4-7C02-4326-819E-76DF73B17EB8}"
EndProject
Global
	GlobalSection(SolutionConfigurationPlatforms) = preSolution
		Debug|Any CPU = Debug|Any CPU
		Debug|ARM = Debug|ARM
		Debug|iPhone = Debug|iPhone
		Debug|iPhoneSimulator = Debug|iPhoneSimulator
		Debug|x64 = Debug|x64
		Debug|x86 = Debug|x86
		Release|Any CPU = Release|Any CPU
		Release|ARM = Release|ARM
		Release|iPhone = Release|iPhone
		Release|iPhoneSimulator = Release|iPhoneSimulator
		Release|x64 = Release|x64
		Release|x86 = Release|x86
	EndGlobalSection
	GlobalSection(ProjectConfigurationPlatforms) = postSolution
		{236C2750-5673-4584-BD6B-B9AC6D285B71}.Debug|Any CPU.ActiveCfg = Debug|x86
		{236C2750-5673-4584-BD6B-B9AC6D285B71}.Debug|Any CPU.Build.0 = Debug|x86
		{236C2750-5673-4584-BD6B-B9AC6D285B71}.Debug|Any CPU.Deploy.0 = Debug|x86
		{236C2750-5673-4584-BD6B-B9AC6D285B71}.Debug|ARM.ActiveCfg = Debug|ARM
		{236C2750-5673-4584-BD6B-B9AC6D285B71}.Debug|ARM.Build.0 = Debug|ARM
		{236C2750-5673-4584-BD6B-B9AC6D285B71}.Debug|ARM.Deploy.0 = Debug|ARM
		{236C2750-5673-4584-BD6B-B9AC6D285B71}.Debug|iPhone.ActiveCfg = Debug|x86
		{236C2750-5673-4584-BD6B-B9AC6D285B71}.Debug|iPhone.Build.0 = Debug|x86
		{236C2750-5673-4584-BD6B-B9AC6D285B71}.Debug|iPhone.Deploy.0 = Debug|x86
		{236C2750-5673-4584-BD6B-B9AC6D285B71}.Debug|iPhoneSimulator.ActiveCfg = Debug|x86
		{236C2750-5673-4584-BD6B-B9AC6D285B71}.Debug|iPhoneSimulator.Build.0 = Debug|x86
		{236C2750-5673-4584-BD6B-B9AC6D285B71}.Debug|iPhoneSimulator.Deploy.0 = Debug|x86
		{236C2750-5673-4584-BD6B-B9AC6D285B71}.Debug|x64.ActiveCfg = Debug|x64
		{236C2750-5673-4584-BD6B-B9AC6D285B71}.Debug|x64.Build.0 = Debug|x64
		{236C2750-5673-4584-BD6B-B9AC6D285B71}.Debug|x64.Deploy.0 = Debug|x64
		{236C2750-5673-4584-BD6B-B9AC6D285B71}.Debug|x86.ActiveCfg = Debug|x86
		{236C2750-5673-4584-BD6B-B9AC6D285B71}.Debug|x86.Build.0 = Debug|x86
		{236C2750-5673-4584-BD6B-B9AC6D285B71}.Debug|x86.Deploy.0 = Debug|x86
		{236C2750-5673-4584-BD6B-B9AC6D285B71}.Release|Any CPU.ActiveCfg = Release|x86
		{236C2750-5673-4584-BD6B-B9AC6D285B71}.Release|Any CPU.Build.0 = Release|x86
		{236C2750-5673-4584-BD6B-B9AC6D285B71}.Release|Any CPU.Deploy.0 = Release|x86
		{236C2750-5673-4584-BD6B-B9AC6D285B71}.Release|ARM.ActiveCfg = Release|ARM
		{236C2750-5673-4584-BD6B-B9AC6D285B71}.Release|ARM.Build.0 = Release|ARM
		{236C2750-5673-4584-BD6B-B9AC6D285B71}.Release|ARM.Deploy.0 = Release|ARM
		{236C2750-5673-4584-BD6B-B9AC6D285B71}.Release|iPhone.ActiveCfg = Release|x86
		{236C2750-5673-4584-BD6B-B9AC6D285B71}.Release|iPhone.Build.0 = Release|x86
		{236C2750-5673-4584-BD6B-B9AC6D285B71}.Release|iPhone.Deploy.0 = Release|x86
		{236C2750-5673-4584-BD6B-B9AC6D285B71}.Release|iPhoneSimulator.ActiveCfg = Release|x86
		{236C2750-5673-4584-BD6B-B9AC6D285B71}.Release|iPhoneSimulator.Build.0 = Release|x86
		{236C2750-5673-4584-BD6B-B9AC6D285B71}.Release|iPhoneSimulator.Deploy.0 = Release|x86
		{236C2750-5673-4584-BD6B-B9AC6D285B71}.Release|x64.ActiveCfg = Release|x64
		{236C2750-5673-4584-BD6B-B9AC6D285B71}.Release|x64.Build.0 = Release|x64
		{236C2750-5673-4584-BD6B-B9AC6D285B71}.Release|x64.Deploy.0 = Release|x64
		{236C2750-5673-4584-BD6B-B9AC6D285B71}.Release|x86.ActiveCfg = Release|x86
		{236C2750-5673-4584-BD6B-B9AC6D285B71}.Release|x86.Build.0 = Release|x86
		{236C2750-5673-4584-BD6B-B9AC6D285B71}.Release|x86.Deploy.0 = Release|x86
		{4103436B-7DD8-4035-AA17-7DC26D1F4A89}.Debug|Any CPU.ActiveCfg = Debug|Any CPU
		{4103436B-7DD8-4035-AA17-7DC26D1F4A89}.Debug|Any CPU.Build.0 = Debug|Any CPU
		{4103436B-7DD8-4035-AA17-7DC26D1F4A89}.Debug|Any CPU.Deploy.0 = Debug|Any CPU
		{4103436B-7DD8-4035-AA17-7DC26D1F4A89}.Debug|ARM.ActiveCfg = Debug|Any CPU
		{4103436B-7DD8-4035-AA17-7DC26D1F4A89}.Debug|ARM.Build.0 = Debug|Any CPU
		{4103436B-7DD8-4035-AA17-7DC26D1F4A89}.Debug|ARM.Deploy.0 = Debug|Any CPU
		{4103436B-7DD8-4035-AA17-7DC26D1F4A89}.Debug|iPhone.ActiveCfg = Debug|Any CPU
		{4103436B-7DD8-4035-AA17-7DC26D1F4A89}.Debug|iPhone.Build.0 = Debug|Any CPU
		{4103436B-7DD8-4035-AA17-7DC26D1F4A89}.Debug|iPhone.Deploy.0 = Debug|Any CPU
		{4103436B-7DD8-4035-AA17-7DC26D1F4A89}.Debug|iPhoneSimulator.ActiveCfg = Debug|Any CPU
		{4103436B-7DD8-4035-AA17-7DC26D1F4A89}.Debug|iPhoneSimulator.Build.0 = Debug|Any CPU
		{4103436B-7DD8-4035-AA17-7DC26D1F4A89}.Debug|iPhoneSimulator.Deploy.0 = Debug|Any CPU
		{4103436B-7DD8-4035-AA17-7DC26D1F4A89}.Debug|x64.ActiveCfg = Debug|Any CPU
		{4103436B-7DD8-4035-AA17-7DC26D1F4A89}.Debug|x64.Build.0 = Debug|Any CPU
		{4103436B-7DD8-4035-AA17-7DC26D1F4A89}.Debug|x64.Deploy.0 = Debug|Any CPU
		{4103436B-7DD8-4035-AA17-7DC26D1F4A89}.Debug|x86.ActiveCfg = Debug|Any CPU
		{4103436B-7DD8-4035-AA17-7DC26D1F4A89}.Debug|x86.Build.0 = Debug|Any CPU
		{4103436B-7DD8-4035-AA17-7DC26D1F4A89}.Debug|x86.Deploy.0 = Debug|Any CPU
		{4103436B-7DD8-4035-AA17-7DC26D1F4A89}.Release|Any CPU.ActiveCfg = Release|Any CPU
		{4103436B-7DD8-4035-AA17-7DC26D1F4A89}.Release|Any CPU.Build.0 = Release|Any CPU
		{4103436B-7DD8-4035-AA17-7DC26D1F4A89}.Release|Any CPU.Deploy.0 = Release|Any CPU
		{4103436B-7DD8-4035-AA17-7DC26D1F4A89}.Release|ARM.ActiveCfg = Release|Any CPU
		{4103436B-7DD8-4035-AA17-7DC26D1F4A89}.Release|ARM.Build.0 = Release|Any CPU
		{4103436B-7DD8-4035-AA17-7DC26D1F4A89}.Release|ARM.Deploy.0 = Release|Any CPU
		{4103436B-7DD8-4035-AA17-7DC26D1F4A89}.Release|iPhone.ActiveCfg = Release|Any CPU
		{4103436B-7DD8-4035-AA17-7DC26D1F4A89}.Release|iPhone.Build.0 = Release|Any CPU
		{4103436B-7DD8-4035-AA17-7DC26D1F4A89}.Release|iPhone.Deploy.0 = Release|Any CPU
		{4103436B-7DD8-4035-AA17-7DC26D1F4A89}.Release|iPhoneSimulator.ActiveCfg = Release|Any CPU
		{4103436B-7DD8-4035-AA17-7DC26D1F4A89}.Release|iPhoneSimulator.Build.0 = Release|Any CPU
		{4103436B-7DD8-4035-AA17-7DC26D1F4A89}.Release|iPhoneSimulator.Deploy.0 = Release|Any CPU
		{4103436B-7DD8-4035-AA17-7DC26D1F4A89}.Release|x64.ActiveCfg = Release|Any CPU
		{4103436B-7DD8-4035-AA17-7DC26D1F4A89}.Release|x64.Build.0 = Release|Any CPU
		{4103436B-7DD8-4035-AA17-7DC26D1F4A89}.Release|x64.Deploy.0 = Release|Any CPU
		{4103436B-7DD8-4035-AA17-7DC26D1F4A89}.Release|x86.ActiveCfg = Release|Any CPU
		{4103436B-7DD8-4035-AA17-7DC26D1F4A89}.Release|x86.Build.0 = Release|Any CPU
		{4103436B-7DD8-4035-AA17-7DC26D1F4A89}.Release|x86.Deploy.0 = Release|Any CPU
		{8D7503A0-7C6E-4D2F-91D0-E40456475068}.Debug|Any CPU.ActiveCfg = Debug|iPhoneSimulator
		{8D7503A0-7C6E-4D2F-91D0-E40456475068}.Debug|Any CPU.Build.0 = Debug|iPhoneSimulator
		{8D7503A0-7C6E-4D2F-91D0-E40456475068}.Debug|Any CPU.Deploy.0 = Debug|iPhoneSimulator
		{8D7503A0-7C6E-4D2F-91D0-E40456475068}.Debug|ARM.ActiveCfg = Debug|iPhone
		{8D7503A0-7C6E-4D2F-91D0-E40456475068}.Debug|ARM.Build.0 = Debug|iPhone
		{8D7503A0-7C6E-4D2F-91D0-E40456475068}.Debug|ARM.Deploy.0 = Debug|iPhone
		{8D7503A0-7C6E-4D2F-91D0-E40456475068}.Debug|iPhone.ActiveCfg = Debug|iPhone
		{8D7503A0-7C6E-4D2F-91D0-E40456475068}.Debug|iPhone.Build.0 = Debug|iPhone
		{8D7503A0-7C6E-4D2F-91D0-E40456475068}.Debug|iPhone.Deploy.0 = Debug|iPhone
		{8D7503A0-7C6E-4D2F-91D0-E40456475068}.Debug|iPhoneSimulator.ActiveCfg = Debug|iPhoneSimulator
		{8D7503A0-7C6E-4D2F-91D0-E40456475068}.Debug|iPhoneSimulator.Build.0 = Debug|iPhoneSimulator
		{8D7503A0-7C6E-4D2F-91D0-E40456475068}.Debug|iPhoneSimulator.Deploy.0 = Debug|iPhoneSimulator
		{8D7503A0-7C6E-4D2F-91D0-E40456475068}.Debug|x64.ActiveCfg = Debug|iPhoneSimulator
		{8D7503A0-7C6E-4D2F-91D0-E40456475068}.Debug|x64.Build.0 = Debug|iPhoneSimulator
		{8D7503A0-7C6E-4D2F-91D0-E40456475068}.Debug|x64.Deploy.0 = Debug|iPhoneSimulator
		{8D7503A0-7C6E-4D2F-91D0-E40456475068}.Debug|x86.ActiveCfg = Debug|iPhoneSimulator
		{8D7503A0-7C6E-4D2F-91D0-E40456475068}.Debug|x86.Build.0 = Debug|iPhoneSimulator
		{8D7503A0-7C6E-4D2F-91D0-E40456475068}.Debug|x86.Deploy.0 = Debug|iPhoneSimulator
		{8D7503A0-7C6E-4D2F-91D0-E40456475068}.Release|Any CPU.ActiveCfg = Release|iPhoneSimulator
		{8D7503A0-7C6E-4D2F-91D0-E40456475068}.Release|Any CPU.Build.0 = Release|iPhoneSimulator
		{8D7503A0-7C6E-4D2F-91D0-E40456475068}.Release|Any CPU.Deploy.0 = Release|iPhoneSimulator
		{8D7503A0-7C6E-4D2F-91D0-E40456475068}.Release|ARM.ActiveCfg = Release|iPhoneSimulator
		{8D7503A0-7C6E-4D2F-91D0-E40456475068}.Release|ARM.Build.0 = Release|iPhoneSimulator
		{8D7503A0-7C6E-4D2F-91D0-E40456475068}.Release|ARM.Deploy.0 = Release|iPhoneSimulator
		{8D7503A0-7C6E-4D2F-91D0-E40456475068}.Release|iPhone.ActiveCfg = Release|iPhone
		{8D7503A0-7C6E-4D2F-91D0-E40456475068}.Release|iPhone.Build.0 = Release|iPhone
		{8D7503A0-7C6E-4D2F-91D0-E40456475068}.Release|iPhone.Deploy.0 = Release|iPhone
		{8D7503A0-7C6E-4D2F-91D0-E40456475068}.Release|iPhoneSimulator.ActiveCfg = Release|iPhoneSimulator
		{8D7503A0-7C6E-4D2F-91D0-E40456475068}.Release|iPhoneSimulator.Build.0 = Release|iPhoneSimulator
		{8D7503A0-7C6E-4D2F-91D0-E40456475068}.Release|iPhoneSimulator.Deploy.0 = Release|iPhoneSimulator
		{8D7503A0-7C6E-4D2F-91D0-E40456475068}.Release|x64.ActiveCfg = Release|iPhoneSimulator
		{8D7503A0-7C6E-4D2F-91D0-E40456475068}.Release|x64.Build.0 = Release|iPhoneSimulator
		{8D7503A0-7C6E-4D2F-91D0-E40456475068}.Release|x64.Deploy.0 = Release|iPhoneSimulator
		{8D7503A0-7C6E-4D2F-91D0-E40456475068}.Release|x86.ActiveCfg = Release|iPhoneSimulator
		{8D7503A0-7C6E-4D2F-91D0-E40456475068}.Release|x86.Build.0 = Release|iPhoneSimulator
		{8D7503A0-7C6E-4D2F-91D0-E40456475068}.Release|x86.Deploy.0 = Release|iPhoneSimulator
		{9FEFB5A4-7C02-4326-819E-76DF73B17EB8}.Debug|Any CPU.ActiveCfg = Debug|Any CPU
		{9FEFB5A4-7C02-4326-819E-76DF73B17EB8}.Debug|Any CPU.Build.0 = Debug|Any CPU
		{9FEFB5A4-7C02-4326-819E-76DF73B17EB8}.Debug|Any CPU.Deploy.0 = Debug|Any CPU
		{9FEFB5A4-7C02-4326-819E-76DF73B17EB8}.Debug|ARM.ActiveCfg = Debug|Any CPU
		{9FEFB5A4-7C02-4326-819E-76DF73B17EB8}.Debug|ARM.Build.0 = Debug|Any CPU
		{9FEFB5A4-7C02-4326-819E-76DF73B17EB8}.Debug|ARM.Deploy.0 = Debug|Any CPU
		{9FEFB5A4-7C02-4326-819E-76DF73B17EB8}.Debug|iPhone.ActiveCfg = Debug|Any CPU
		{9FEFB5A4-7C02-4326-819E-76DF73B17EB8}.Debug|iPhone.Build.0 = Debug|Any CPU
		{9FEFB5A4-7C02-4326-819E-76DF73B17EB8}.Debug|iPhone.Deploy.0 = Debug|Any CPU
		{9FEFB5A4-7C02-4326-819E-76DF73B17EB8}.Debug|iPhoneSimulator.ActiveCfg = Debug|Any CPU
		{9FEFB5A4-7C02-4326-819E-76DF73B17EB8}.Debug|iPhoneSimulator.Build.0 = Debug|Any CPU
		{9FEFB5A4-7C02-4326-819E-76DF73B17EB8}.Debug|iPhoneSimulator.Deploy.0 = Debug|Any CPU
		{9FEFB5A4-7C02-4326-819E-76DF73B17EB8}.Debug|x64.ActiveCfg = Debug|Any CPU
		{9FEFB5A4-7C02-4326-819E-76DF73B17EB8}.Debug|x64.Build.0 = Debug|Any CPU
		{9FEFB5A4-7C02-4326-819E-76DF73B17EB8}.Debug|x64.Deploy.0 = Debug|Any CPU
		{9FEFB5A4-7C02-4326-819E-76DF73B17EB8}.Debug|x86.ActiveCfg = Debug|Any CPU
		{9FEFB5A4-7C02-4326-819E-76DF73B17EB8}.Debug|x86.Build.0 = Debug|Any CPU
		{9FEFB5A4-7C02-4326-819E-76DF73B17EB8}.Debug|x86.Deploy.0 = Debug|Any CPU
		{9FEFB5A4-7C02-4326-819E-76DF73B17EB8}.Release|Any CPU.ActiveCfg = Release|Any CPU
		{9FEFB5A4-7C02-4326-819E-76DF73B17EB8}.Release|Any CPU.Build.0 = Release|Any CPU
		{9FEFB5A4-7C02-4326-819E-76DF73B17EB8}.Release|Any CPU.Deploy.0 = Release|Any CPU
		{9FEFB5A4-7C02-4326-819E-76DF73B17EB8}.Release|ARM.ActiveCfg = Release|Any CPU
		{9FEFB5A4-7C02-4326-819E-76DF73B17EB8}.Release|ARM.Build.0 = Release|Any CPU
		{9FEFB5A4-7C02-4326-819E-76DF73B17EB8}.Release|ARM.Deploy.0 = Release|Any CPU
		{9FEFB5A4-7C02-4326-819E-76DF73B17EB8}.Release|iPhone.ActiveCfg = Release|Any CPU
		{9FEFB5A4-7C02-4326-819E-76DF73B17EB8}.Release|iPhone.Build.0 = Release|Any CPU
		{9FEFB5A4-7C02-4326-819E-76DF73B17EB8}.Release|iPhone.Deploy.0 = Release|Any CPU
		{9FEFB5A4-7C02-4326-819E-76DF73B17EB8}.Release|iPhoneSimulator.ActiveCfg = Release|Any CPU
		{9FEFB5A4-7C02-4326-819E-76DF73B17EB8}.Release|iPhoneSimulator.Build.0 = Release|Any CPU
		{9FEFB5A4-7C02-4326-819E-76DF73B17EB8}.Release|iPhoneSimulator.Deploy.0 = Release|Any CPU
		{9FEFB5A4-7C02-4326-819E-76DF73B17EB8}.Release|x64.ActiveCfg = Release|Any CPU
		{9FEFB5A4-7C02-4326-819E-76DF73B17EB8}.Release|x64.Build.0 = Release|Any CPU
		{9FEFB5A4-7C02-4326-819E-76DF73B17EB8}.Release|x64.Deploy.0 = Release|Any CPU
		{9FEFB5A4-7C02-4326-819E-76DF73B17EB8}.Release|x86.ActiveCfg = Release|Any CPU
		{9FEFB5A4-7C02-4326-819E-76DF73B17EB8}.Release|x86.Build.0 = Release|Any CPU
		{9FEFB5A4-7C02-4326-819E-76DF73B17EB8}.Release|x86.Deploy.0 = Release|Any CPU
	EndGlobalSection
	GlobalSection(SolutionProperties) = preSolution
		HideSolutionNode = FALSE
	EndGlobalSection
	GlobalSection(ExtensibilityGlobals) = postSolution
		SolutionGuid = {72041811-51EF-420B-BAAE-3CA01001310A}
	EndGlobalSection
EndGlobal
